
Microsoft Visual Studio Solution File, Format Version 12.00
# Visual Studio Version 17
VisualStudioVersion = 17.5.33424.131
MinimumVisualStudioVersion = 10.0.40219.1
Project("{FAE04EC0-301F-11D3-BF4B-00C04F79EFBC}") = "Projekt-ChallengeApp", "Projekt-ChallengeApp\Projekt-ChallengeApp.csproj", "{0BE9F66D-DC00-4204-A481-2352604FF21D}"
EndProject
Global
	GlobalSection(SolutionConfigurationPlatforms) = preSolution
		Debug|Any CPU = Debug|Any CPU
		Release|Any CPU = Release|Any CPU
	EndGlobalSection
	GlobalSection(ProjectConfigurationPlatforms) = postSolution
		{0BE9F66D-DC00-4204-A481-2352604FF21D}.Debug|Any CPU.ActiveCfg = Debug|Any CPU
		{0BE9F66D-DC00-4204-A481-2352604FF21D}.Debug|Any CPU.Build.0 = Debug|Any CPU
		{0BE9F66D-DC00-4204-A481-2352604FF21D}.Release|Any CPU.ActiveCfg = Release|Any CPU
		{0BE9F66D-DC00-4204-A481-2352604FF21D}.Release|Any CPU.Build.0 = Release|Any CPU
	EndGlobalSection
	GlobalSection(SolutionProperties) = preSolution
		HideSolutionNode = FALSE
	EndGlobalSection
	GlobalSection(ExtensibilityGlobals) = postSolution
		SolutionGuid = {E03FA33F-078F-4E69-B3C9-C7AB54476E1B}
	EndGlobalSection
EndGlobal
